
Microsoft Visual Studio Solution File, Format Version 12.00
# Visual Studio Version 17
VisualStudioVersion = 17.5.002.0
MinimumVisualStudioVersion = 10.0.40219.1
Project("{9A19103F-16F7-4668-BE54-9A1E7A4F7556}") = "RabbitSender", "RabbitSender.csproj", "{D0A12B0B-B4EF-4A25-8FE9-AF99ED88A169}"
EndProject
Global
	GlobalSection(SolutionConfigurationPlatforms) = preSolution
		Debug|Any CPU = Debug|Any CPU
		Release|Any CPU = Release|Any CPU
	EndGlobalSection
	GlobalSection(ProjectConfigurationPlatforms) = postSolution
		{D0A12B0B-B4EF-4A25-8FE9-AF99ED88A169}.Debug|Any CPU.ActiveCfg = Debug|Any CPU
		{D0A12B0B-B4EF-4A25-8FE9-AF99ED88A169}.Debug|Any CPU.Build.0 = Debug|Any CPU
		{D0A12B0B-B4EF-4A25-8FE9-AF99ED88A169}.Release|Any CPU.ActiveCfg = Release|Any CPU
		{D0A12B0B-B4EF-4A25-8FE9-AF99ED88A169}.Release|Any CPU.Build.0 = Release|Any CPU
	EndGlobalSection
	GlobalSection(SolutionProperties) = preSolution
		HideSolutionNode = FALSE
	EndGlobalSection
	GlobalSection(ExtensibilityGlobals) = postSolution
		SolutionGuid = {22C5CBE3-9A89-4094-9854-85DBA7AB287C}
	EndGlobalSection
EndGlobal
